$fyn:
 layout: normal
 flattenTop: true
$pkg:
 dev:
  '@rollup/plugin-alias': ^5.1.1
  '@rollup/plugin-commonjs': ^28.0.3
  '@rollup/plugin-node-resolve': ^16.0.1
  '@rollup/plugin-replace': ^6.0.2
  '@rollup/plugin-terser': ^0.4.4
  react: 18.3.1
  react-dom: 18.3.1
  rollup: ^4.40.2
'@jridgewell/gen-mapping':
 _latest: 0.3.8
 _:
  ^0.3.5: 0.3.8
 0.3.8:
  $: sha512-imAbBGkb+ebQyxKgzv5Hu2nmROxoDOXHh80evxdoXNOrvAnVx7zimzc1Oo5h9RlfV4vPXaE2iM5pOFbvOCClWA==
  _: 'https://registry.npmjs.org/@jridgewell/gen-mapping/-/gen-mapping-0.3.8.tgz'
  dependencies:
   '@jridgewell/set-array': ^1.2.1
   '@jridgewell/sourcemap-codec': ^1.4.10
   '@jridgewell/trace-mapping': ^0.3.24
'@jridgewell/resolve-uri':
 _latest: 3.1.2
 _:
  ^3.1.0: 3.1.2
 3.1.2:
  $: sha512-bRISgCIjP20/tbWSPWMEi54QVPRZExkuD9lJL+UIxUKtwVJA8wW1Trb1jMs1RFXo1CBTNZ/5hpC9QvmKWdopKw==
  _: 'https://registry.npmjs.org/@jridgewell/resolve-uri/-/resolve-uri-3.1.2.tgz'
'@jridgewell/set-array':
 _latest: 1.2.1
 _:
  ^1.2.1: 1.2.1
 1.2.1:
  $: sha512-R8gLRTZeyp03ymzP/6Lil/28tGeGEzhx1q2k703KGWRAI1VdvPIXdG70VJc2pAMw3NA6JKL5hhFu1sJX0Mnn/A==
  _: 'https://registry.npmjs.org/@jridgewell/set-array/-/set-array-1.2.1.tgz'
'@jridgewell/source-map':
 _latest: 0.3.6
 _:
  ^0.3.3: 0.3.6
 0.3.6:
  $: sha512-1ZJTZebgqllO79ue2bm3rIGud/bOe0pP5BjSRCRxxYkEZS8STV7zN84UBbiYu7jy+eCKSnVIUgoWWE/tt+shMQ==
  _: 'https://registry.npmjs.org/@jridgewell/source-map/-/source-map-0.3.6.tgz'
  dependencies:
   '@jridgewell/gen-mapping': ^0.3.5
   '@jridgewell/trace-mapping': ^0.3.25
'@jridgewell/sourcemap-codec':
 _latest: 1.5.0
 _:
  '^1.4.10,^1.4.14,^1.5.0': 1.5.0
 1.5.0:
  $: sha512-gv3ZRaISU3fjPAgNsriBRqGWQL6quFx04YMPW/zD8XMLsU32mhCCbfbO6KZFLjvYpCZ8zyDEgqsgf+PwPaM7GQ==
  _: 'https://registry.npmjs.org/@jridgewell/sourcemap-codec/-/sourcemap-codec-1.5.0.tgz'
'@jridgewell/trace-mapping':
 _latest: 0.3.25
 _:
  '^0.3.24,^0.3.25': 0.3.25
 0.3.25:
  $: sha512-vNk6aEwybGtawWmy/PzwnGDOjCkLWSD2wqvjGGAgOAwCGWySYXfYoxt00IJkTF+8Lb57DwOb3Aa0o9CApepiYQ==
  _: 'https://registry.npmjs.org/@jridgewell/trace-mapping/-/trace-mapping-0.3.25.tgz'
  dependencies:
   '@jridgewell/resolve-uri': ^3.1.0
   '@jridgewell/sourcemap-codec': ^1.4.14
'@rollup/plugin-alias':
 _latest: 5.1.1
 _:
  ^5.1.1: 5.1.1
 5.1.1:
  top: 1
  $: sha512-PR9zDb+rOzkRb2VD+EuKB7UC41vU5DIwZ5qqCpk0KJudcWAyi8rvYOhS7+L5aZCspw1stTViLgN5v6FF1p5cgQ==
  _: 'https://registry.npmjs.org/@rollup/plugin-alias/-/plugin-alias-5.1.1.tgz'
  peerDependencies:
   rollup: ^1.20.0||^2.0.0||^3.0.0||^4.0.0
'@rollup/plugin-commonjs':
 _latest: 28.0.3
 _:
  ^28.0.3: 28.0.3
 28.0.3:
  top: 1
  $: sha512-pyltgilam1QPdn+Zd9gaCfOLcnjMEJ9gV+bTw6/r73INdvzf1ah9zLIJBm+kW7R6IUFIQ1YO+VqZtYxZNWFPEQ==
  _: 'https://registry.npmjs.org/@rollup/plugin-commonjs/-/plugin-commonjs-28.0.3.tgz'
  dependencies:
   '@rollup/pluginutils': ^5.0.1
   commondir: ^1.0.1
   estree-walker: ^2.0.2
   fdir: ^6.2.0
   is-reference: 1.2.1
   magic-string: ^0.30.3
   picomatch: ^4.0.2
  peerDependencies:
   rollup: ^2.68.0||^3.0.0||^4.0.0
'@rollup/plugin-node-resolve':
 _latest: 16.0.1
 _:
  ^16.0.1: 16.0.1
 16.0.1:
  top: 1
  $: sha512-tk5YCxJWIG81umIvNkSod2qK5KyQW19qcBF/B78n1bjtOON6gzKoVeSzAE8yHCZEDmqkHKkxplExA8KzdJLJpA==
  _: 'https://registry.npmjs.org/@rollup/plugin-node-resolve/-/plugin-node-resolve-16.0.1.tgz'
  dependencies:
   '@rollup/pluginutils': ^5.0.1
   '@types/resolve': 1.20.2
   deepmerge: ^4.2.2
   is-module: ^1.0.0
   resolve: ^1.22.1
  peerDependencies:
   rollup: ^2.78.0||^3.0.0||^4.0.0
'@rollup/plugin-replace':
 _latest: 6.0.2
 _:
  ^6.0.2: 6.0.2
 6.0.2:
  top: 1
  $: sha512-7QaYCf8bqF04dOy7w/eHmJeNExxTYwvKAmlSAH/EaWWUzbT0h5sbF6bktFoX/0F/0qwng5/dWFMyf3gzaM8DsQ==
  _: 'https://registry.npmjs.org/@rollup/plugin-replace/-/plugin-replace-6.0.2.tgz'
  dependencies:
   '@rollup/pluginutils': ^5.0.1
   magic-string: ^0.30.3
  peerDependencies:
   rollup: ^1.20.0||^2.0.0||^3.0.0||^4.0.0
'@rollup/plugin-terser':
 _latest: 0.4.4
 _:
  ^0.4.4: 0.4.4
 0.4.4:
  top: 1
  $: sha512-XHeJC5Bgvs8LfukDwWZp7yeqin6ns8RTl2B9avbejt6tZqsqvVoWI7ZTQrcNsfKEDWBTnTxM8nMDkO2IFFbd0A==
  _: 'https://registry.npmjs.org/@rollup/plugin-terser/-/plugin-terser-0.4.4.tgz'
  dependencies:
   serialize-javascript: ^6.0.1
   smob: ^1.0.0
   terser: ^5.17.4
  peerDependencies:
   rollup: ^2.0.0||^3.0.0||^4.0.0
'@rollup/pluginutils':
 _latest: 5.1.4
 _:
  ^5.0.1: 5.1.4
 5.1.4:
  $: sha512-USm05zrsFxYLPdWWq+K3STlWiT/3ELn3RcV5hJMghpeAIhxfsUIg6mt12CBJBInWMV4VneoV7SfGv8xIwo2qNQ==
  _: 'https://registry.npmjs.org/@rollup/pluginutils/-/pluginutils-5.1.4.tgz'
  dependencies:
   '@types/estree': ^1.0.0
   estree-walker: ^2.0.2
   picomatch: ^4.0.2
  peerDependencies:
   rollup: ^1.20.0||^2.0.0||^3.0.0||^4.0.0
'@rollup/rollup-darwin-arm64':
 _latest: 4.40.2
 _:
  4.40.2: 4.40.2
 4.40.2:
  $: sha512-Gzf1Hn2Aoe8VZzevHostPX23U7N5+4D36WJNHK88NZHCJr7aVMG4fadqkIf72eqVPGjGc0HJHNuUaUcxiR+N/w==
  _: 'https://registry.npmjs.org/@rollup/rollup-darwin-arm64/-/rollup-darwin-arm64-4.40.2.tgz'
  os:
   - darwin
  cpu:
   - arm64
'@types/estree':
 _latest: 1.0.7
 _:
  '*,1.0.7,^1.0.0': 1.0.7
 1.0.7:
  $: sha512-w28IoSUCJpidD/TGviZwwMJckNESJZXFu7NBZ5YJ4mEUnNraUn9Pm8HSZm/jDF1pDWYKspWE7oVphigUPRakIQ==
  _: 'https://registry.npmjs.org/@types/estree/-/estree-1.0.7.tgz'
'@types/resolve':
 _latest: 1.20.6
 _:
  1.20.2: 1.20.2
 1.20.2:
  $: sha512-60BCwRFOZCQhDncwQdxxeOEEkbc5dIMccYLwbxsS4TUNeVECQ/pBJ0j09mrHOl/JJvpRPGwO9SvE4nR2Nb/a4Q==
  _: 'https://registry.npmjs.org/@types/resolve/-/resolve-1.20.2.tgz'
acorn:
 _latest: 8.14.1
 _:
  ^8.8.2: 8.14.1
 8.14.1:
  $: sha512-OvQ/2pUDKmgfCg++xsTX1wGxfTaszcHVcTctW4UJB4hibJx2HXxxO5UmVgyjMa+ZDsiaf5wWLXYpRWMmBI0QHg==
  _: 'https://registry.npmjs.org/acorn/-/acorn-8.14.1.tgz'
buffer-from:
 _latest: 1.1.2
 _:
  ^1.0.0: 1.1.2
 1.1.2:
  $: sha512-E+XQCRwSbaaiChtv6k6Dwgc+bx+Bs6vuKJHHl5kox/BaKbhiXzqQOwK4cO22yElGp2OCmjwVhT3HmxgyPGnJfQ==
  _: 'https://registry.npmjs.org/buffer-from/-/buffer-from-1.1.2.tgz'
commander:
 _latest: 13.1.0
 _:
  ^2.20.0: 2.20.3
 2.20.3:
  $: sha512-GpVkmM8vF2vQUkj2LvZmD35JxeJOLCwJ9cUkugyk2nuhbv3+mJvpLYYt+0+USMxE+oj+ey/lJEnhZw75x/OMcQ==
  _: 'https://registry.npmjs.org/commander/-/commander-2.20.3.tgz'
commondir:
 _latest: 1.0.1
 _:
  ^1.0.1: 1.0.1
 1.0.1:
  $: sha512-W9pAhw0ja1Edb5GVdIF1mjZw/ASI0AlShXM83UUGe2DVr5TdAPEA1OA8m/g8zWp9x6On7gqufY+FatDbC3MDQg==
  _: 'https://registry.npmjs.org/commondir/-/commondir-1.0.1.tgz'
deepmerge:
 _latest: 4.3.1
 _:
  ^4.2.2: 4.3.1
 4.3.1:
  $: sha512-3sUqbMEc77XqpdNO7FRyRog+eW3ph+GYCbj+rK+uYyRMuwsVy0rMiVtPn+QJlKFvWP/1PYpapqYn0Me2knFn+A==
  _: 'https://registry.npmjs.org/deepmerge/-/deepmerge-4.3.1.tgz'
estree-walker:
 _latest: 3.0.3
 _:
  ^2.0.2: 2.0.2
 2.0.2:
  $: sha512-Rfkk/Mp/DL7JVje3u18FxFujQlTNR2q6QfMSMB7AvCBx91NGj/ba3kCfza0f6dVDbw7YlRf/nDrn7pQrCCyQ/w==
  _: 'https://registry.npmjs.org/estree-walker/-/estree-walker-2.0.2.tgz'
fdir:
 _latest: 6.4.4
 _:
  ^6.2.0: 6.4.4
 6.4.4:
  $: sha512-1NZP+GK4GfuAv3PqKvxQRDMjdSRZjnkq7KfhlNrCNNlZ0ygQFpebfrnfnq/W7fpUnAv9aGWmY1zKx7FYL3gwhg==
  _: 'https://registry.npmjs.org/fdir/-/fdir-6.4.4.tgz'
  peerDependencies:
   picomatch: '^3 || ^4'
fsevents:
 _latest: 2.3.3
 _:
  ~2.3.2: 2.3.3
 2.3.3:
  $: sha512-5xoDfX+fL7faATnagmWPpbFtwh/R77WmMMqqHGS65C3vvB0YHrgF+B1YmZ3441tMj5n63k0212XNoJwzlhffQw==
  _: 'https://registry.npmjs.org/fsevents/-/fsevents-2.3.3.tgz'
  os:
   - darwin
function-bind:
 _latest: 1.1.2
 _:
  ^1.1.2: 1.1.2
 1.1.2:
  $: sha512-7XHNxH7qX9xG5mIwxkhumTox/MIRNcOgDrxWsMt2pAr23WHp6MrRlN7FBSFpCpr+oVO0F744iUgR82nJMfG2SA==
  _: 'https://registry.npmjs.org/function-bind/-/function-bind-1.1.2.tgz'
hasown:
 _latest: 2.0.2
 _:
  ^2.0.2: 2.0.2
 2.0.2:
  $: sha512-0hJU9SCPvmMzIBdZFqNPXWa6dqh7WdH0cII9y+CyS8rG3nL48Bclra9HmKhVVUHyPWNH5Y7xDwAB7bfgSjkUMQ==
  _: 'https://registry.npmjs.org/hasown/-/hasown-2.0.2.tgz'
  dependencies:
   function-bind: ^1.1.2
is-core-module:
 _latest: 2.16.1
 _:
  ^2.16.0: 2.16.1
 2.16.1:
  $: sha512-UfoeMA6fIJ8wTYFEUjelnaGI67v6+N7qXJEvQuIGa99l4xsCruSYOVSQ0uPANn4dAzm8lkYPaKLrrijLq7x23w==
  _: 'https://registry.npmjs.org/is-core-module/-/is-core-module-2.16.1.tgz'
  dependencies:
   hasown: ^2.0.2
is-module:
 _latest: 1.0.0
 _:
  ^1.0.0: 1.0.0
 1.0.0:
  $: sha512-51ypPSPCoTEIN9dy5Oy+h4pShgJmPCygKfyRCISBI+JoWT/2oJvK8QPxmwv7b/p239jXrm9M1mlQbyKJ5A152g==
  _: 'https://registry.npmjs.org/is-module/-/is-module-1.0.0.tgz'
is-reference:
 _latest: 3.0.3
 _:
  1.2.1: 1.2.1
 1.2.1:
  $: sha512-U82MsXXiFIrjCK4otLT+o2NA2Cd2g5MLoOVXUZjIOhLurrRxpEXzI8O0KZHr3IjLvlAH1kTPYSuqer5T9ZVBKQ==
  _: 'https://registry.npmjs.org/is-reference/-/is-reference-1.2.1.tgz'
  dependencies:
   '@types/estree': '*'
js-tokens:
 _latest: 9.0.1
 _:
  '^3.0.0 || ^4.0.0': 4.0.0
 4.0.0:
  $: sha512-RdJUflcE3cUzKiMqQgsCu06FPu9UdIJO0beYbPhHN4k6apgJtifcoCtT9bcxOpYBtpD2kCM6Sbzg4CausW/PKQ==
  _: 'https://registry.npmjs.org/js-tokens/-/js-tokens-4.0.0.tgz'
loose-envify:
 _latest: 1.4.0
 _:
  ^1.1.0: 1.4.0
 1.4.0:
  $: sha512-lyuxPGr/Wfhrlem2CL/UcnUc1zcqKAImBDzukY7Y5F/yQiNdko6+fRLevlw1HgMySw7f611UIY408EtxRSoK3Q==
  _: 'https://registry.npmjs.org/loose-envify/-/loose-envify-1.4.0.tgz'
  dependencies:
   js-tokens: '^3.0.0 || ^4.0.0'
magic-string:
 _latest: 0.30.17
 _:
  ^0.30.3: 0.30.17
 0.30.17:
  $: sha512-sNPKHvyjVf7gyjwS4xGTaW/mCnF8wnjtifKBEhxfZ7E/S8tQ0rssrwGNn6q8JH/ohItJfSQp9mBtQYuTlH5QnA==
  _: 'https://registry.npmjs.org/magic-string/-/magic-string-0.30.17.tgz'
  dependencies:
   '@jridgewell/sourcemap-codec': ^1.5.0
path-parse:
 _latest: 1.0.7
 _:
  ^1.0.7: 1.0.7
 1.0.7:
  $: sha512-LDJzPVEEEPR+y48z93A0Ed0yXb8pAByGWo/k5YYdYgpY2/2EsOsksJrq7lOHxryrVOn1ejG6oAp8ahvOIQD8sw==
  _: 'https://registry.npmjs.org/path-parse/-/path-parse-1.0.7.tgz'
picomatch:
 _latest: 4.0.2
 _:
  ^4.0.2: 4.0.2
 4.0.2:
  $: sha512-M7BAV6Rlcy5u+m6oPhAPFgJTzAioX/6B0DxyvDlo9l8+T3nLKbrczg2WLUyzd45L8RqfUMyGPzekbMvX2Ldkwg==
  _: 'https://registry.npmjs.org/picomatch/-/picomatch-4.0.2.tgz'
randombytes:
 _latest: 2.1.0
 _:
  ^2.1.0: 2.1.0
 2.1.0:
  $: sha512-vYl3iOX+4CKUWuxGi9Ukhie6fsqXqS9FE2Zaic4tNFD2N2QQaXOMFbuKK4QmDHC0JO6B1Zp41J0LpT0oR68amQ==
  _: 'https://registry.npmjs.org/randombytes/-/randombytes-2.1.0.tgz'
  dependencies:
   safe-buffer: ^5.1.0
react:
 _latest: 19.1.0
 _:
  18.3.1: 18.3.1
 18.3.1:
  top: 1
  $: sha512-wS+hAgJShR0KhEvPJArfuPVN1+Hz1t0Y6n5jLrGQbkb4urgPE/0Rve+1kMB1v/oWgHgm4WIcV+i7F2pTVj+2iQ==
  _: 'https://registry.npmjs.org/react/-/react-18.3.1.tgz'
  dependencies:
   loose-envify: ^1.1.0
react-dom:
 _latest: 19.1.0
 _:
  18.3.1: 18.3.1
 18.3.1:
  top: 1
  $: sha512-5m4nQKp+rZRb09LNH59GM4BxTh9251/ylbKIbpe7TpGxfJ+9kv6BLkLBXIjjspbgbnIBNqlI23tRnTWT0snUIw==
  _: 'https://registry.npmjs.org/react-dom/-/react-dom-18.3.1.tgz'
  dependencies:
   loose-envify: ^1.1.0
   scheduler: ^0.23.2
  peerDependencies:
   react: ^18.3.1
resolve:
 _latest: 1.22.10
 _:
  ^1.22.1: 1.22.10
 1.22.10:
  $: sha512-NPRy+/ncIMeDlTAsuqwKIiferiawhefFJtkNSW0qZJEqMEb+qBt/77B/jGeeek+F0uOeN05CDa6HXbbIgtVX4w==
  _: 'https://registry.npmjs.org/resolve/-/resolve-1.22.10.tgz'
  dependencies:
   is-core-module: ^2.16.0
   path-parse: ^1.0.7
   supports-preserve-symlinks-flag: ^1.0.0
rollup:
 _latest: 4.40.2
 _:
  ^4.40.2: 4.40.2
 4.40.2:
  top: 1
  $: sha512-tfUOg6DTP4rhQ3VjOO6B4wyrJnGOX85requAXvqYTHsOgb2TFJdZ3aWpT8W2kPoypSGP7dZUyzxJ9ee4buM5Fg==
  _: 'https://registry.npmjs.org/rollup/-/rollup-4.40.2.tgz'
  dependencies:
   '@types/estree': 1.0.7
  optionalDependencies:
   fsevents: ~2.3.2
   '@rollup/rollup-darwin-arm64': 4.40.2
   '@rollup/rollup-android-arm64': 4.40.2
   '@rollup/rollup-win32-arm64-msvc': 4.40.2
   '@rollup/rollup-freebsd-arm64': 4.40.2
   '@rollup/rollup-linux-arm64-gnu': 4.40.2
   '@rollup/rollup-linux-arm64-musl': 4.40.2
   '@rollup/rollup-android-arm-eabi': 4.40.2
   '@rollup/rollup-linux-arm-gnueabihf': 4.40.2
   '@rollup/rollup-linux-arm-musleabihf': 4.40.2
   '@rollup/rollup-win32-ia32-msvc': 4.40.2
   '@rollup/rollup-linux-loongarch64-gnu': 4.40.2
   '@rollup/rollup-linux-riscv64-gnu': 4.40.2
   '@rollup/rollup-linux-riscv64-musl': 4.40.2
   '@rollup/rollup-linux-powerpc64le-gnu': 4.40.2
   '@rollup/rollup-linux-s390x-gnu': 4.40.2
   '@rollup/rollup-darwin-x64': 4.40.2
   '@rollup/rollup-win32-x64-msvc': 4.40.2
   '@rollup/rollup-freebsd-x64': 4.40.2
   '@rollup/rollup-linux-x64-gnu': 4.40.2
   '@rollup/rollup-linux-x64-musl': 4.40.2
safe-buffer:
 _latest: 5.2.1
 _:
  ^5.1.0: 5.2.1
 5.2.1:
  $: sha512-rp3So07KcdmmKbGvgaNxQSJr7bGVSVk5S9Eq1F+ppbRo70+YeaDxkw5Dd8NPN+GD6bjnYm2VuPuCXmpuYvmCXQ==
  _: 'https://registry.npmjs.org/safe-buffer/-/safe-buffer-5.2.1.tgz'
scheduler:
 _latest: 0.26.0
 _:
  ^0.23.2: 0.23.2
 0.23.2:
  $: sha512-UOShsPwz7NrMUqhR6t0hWjFduvOzbtv7toDH1/hIrfRNIDBnnBWd0CwJTGvTpngVlmwGCdP9/Zl/tVrDqcuYzQ==
  _: 'https://registry.npmjs.org/scheduler/-/scheduler-0.23.2.tgz'
  dependencies:
   loose-envify: ^1.1.0
serialize-javascript:
 _latest: 6.0.2
 _:
  ^6.0.1: 6.0.2
 6.0.2:
  $: sha512-Saa1xPByTTq2gdeFZYLLo+RFE35NHZkAbqZeWNd3BpzppeVisAqpDjcp8dyf6uIvEqJRd46jemmyA4iFIeVk8g==
  _: 'https://registry.npmjs.org/serialize-javascript/-/serialize-javascript-6.0.2.tgz'
  dependencies:
   randombytes: ^2.1.0
smob:
 _latest: 1.5.0
 _:
  ^1.0.0: 1.5.0
 1.5.0:
  $: sha512-g6T+p7QO8npa+/hNx9ohv1E5pVCmWrVCUzUXJyLdMmftX6ER0oiWY/w9knEonLpnOp6b6FenKnMfR8gqwWdwig==
  _: 'https://registry.npmjs.org/smob/-/smob-1.5.0.tgz'
source-map:
 _latest: 0.7.4
 _:
  ^0.6.0: 0.6.1
 0.6.1:
  $: sha512-UjgapumWlbMhkBgzT7Ykc5YXUT46F0iKu8SGXq0bcwP5dz/h0Plj6enJqjz1Zbq2l5WaqYnrVbwWOWMyF3F47g==
  _: 'https://registry.npmjs.org/source-map/-/source-map-0.6.1.tgz'
source-map-support:
 _latest: 0.5.21
 _:
  ~0.5.20: 0.5.21
 0.5.21:
  $: sha512-uBHU3L3czsIyYXKX88fdrGovxdSCoTGDRZ6SYXtSRxLZUzHg5P/66Ht6uoUlHu9EZod+inXhKo3qQgwXUT/y1w==
  _: 'https://registry.npmjs.org/source-map-support/-/source-map-support-0.5.21.tgz'
  dependencies:
   buffer-from: ^1.0.0
   source-map: ^0.6.0
supports-preserve-symlinks-flag:
 _latest: 1.0.0
 _:
  ^1.0.0: 1.0.0
 1.0.0:
  $: sha512-ot0WnXS9fgdkgIcePe6RHNk1WA8+muPa6cSjeR3V8K27q9BB1rTE3R1p7Hv0z1ZyAc8s6Vvv8DIyWf681MAt0w==
  _: 'https://registry.npmjs.org/supports-preserve-symlinks-flag/-/supports-preserve-symlinks-flag-1.0.0.tgz'
terser:
 _latest: 5.39.0
 _:
  ^5.17.4: 5.39.0
 5.39.0:
  $: sha512-LBAhFyLho16harJoWMg/nZsQYgTrg5jXOn2nCYjRUcZZEdE3qa2zb8QEDRUGVZBW4rlazf2fxkg8tztybTaqWw==
  _: 'https://registry.npmjs.org/terser/-/terser-5.39.0.tgz'
  dependencies:
   '@jridgewell/source-map': ^0.3.3
   acorn: ^8.8.2
   commander: ^2.20.0
   source-map-support: ~0.5.20
