$fyn:
 layout: normal
 flattenTop: true
$pkg:
 dev:
  '@rollup/plugin-commonjs': ^28.0.3
  '@rollup/plugin-node-resolve': ^16.0.1
  '@rollup/plugin-replace': ^6.0.2
  '@rollup/plugin-terser': ^0.4.4
  ag-grid-community: ^33.3.2
  rollup: ^4.40.2
'@jridgewell/gen-mapping':
 _latest: 0.3.13
 _:
  ^0.3.5: 0.3.13
 0.3.13:
  $: sha512-2kkt/7niJ6MgEPxF0bYdQ6etZaA+fQvDcLKckhy1yIQOzaoKjBBjSj63/aLVjYE3qhRt5dvM+uUyfCg6UKCBbA==
  _: 'https://registry.npmjs.org/@jridgewell/gen-mapping/-/gen-mapping-0.3.13.tgz'
  dependencies:
   '@jridgewell/sourcemap-codec': ^1.5.0
   '@jridgewell/trace-mapping': ^0.3.24
'@jridgewell/resolve-uri':
 _latest: 3.1.2
 _:
  ^3.1.0: 3.1.2
 3.1.2:
  $: sha512-bRISgCIjP20/tbWSPWMEi54QVPRZExkuD9lJL+UIxUKtwVJA8wW1Trb1jMs1RFXo1CBTNZ/5hpC9QvmKWdopKw==
  _: 'https://registry.npmjs.org/@jridgewell/resolve-uri/-/resolve-uri-3.1.2.tgz'
'@jridgewell/source-map':
 _latest: 0.3.11
 _:
  ^0.3.3: 0.3.11
 0.3.11:
  $: sha512-ZMp1V8ZFcPG5dIWnQLr3NSI1MiCU7UETdS/A0G8V/XWHvJv3ZsFqutJn1Y5RPmAPX6F3BiE397OqveU/9NCuIA==
  _: 'https://registry.npmjs.org/@jridgewell/source-map/-/source-map-0.3.11.tgz'
  dependencies:
   '@jridgewell/gen-mapping': ^0.3.5
   '@jridgewell/trace-mapping': ^0.3.25
'@jridgewell/sourcemap-codec':
 _latest: 1.5.5
 _:
  '^1.4.14,^1.5.0,^1.5.5': 1.5.5
 1.5.5:
  $: sha512-cYQ9310grqxueWbl+WuIUIaiUaDcj7WOq5fVhEljNVgRfOUhY9fy2zTvfoqWsnebh8Sl70VScFbICvJnLKB0Og==
  _: 'https://registry.npmjs.org/@jridgewell/sourcemap-codec/-/sourcemap-codec-1.5.5.tgz'
'@jridgewell/trace-mapping':
 _latest: 0.3.31
 _:
  '^0.3.24,^0.3.25': 0.3.31
 0.3.31:
  $: sha512-zzNR+SdQSDJzc8joaeP8QQoCQr8NuYx2dIIytl1QeBEZHJ9uW6hebsrYgbz8hJwUQao3TWCMtmfV8Nu1twOLAw==
  _: 'https://registry.npmjs.org/@jridgewell/trace-mapping/-/trace-mapping-0.3.31.tgz'
  dependencies:
   '@jridgewell/resolve-uri': ^3.1.0
   '@jridgewell/sourcemap-codec': ^1.4.14
'@rollup/plugin-commonjs':
 _latest: 29.0.0
 _:
  ^28.0.3: 28.0.9
 28.0.9:
  top: 1
  $: sha512-PIR4/OHZ79romx0BVVll/PkwWpJ7e5lsqFa3gFfcrFPWwLXLV39JVUzQV9RKjWerE7B845Hqjj9VYlQeieZ2dA==
  _: 'https://registry.npmjs.org/@rollup/plugin-commonjs/-/plugin-commonjs-28.0.9.tgz'
  dependencies:
   '@rollup/pluginutils': ^5.0.1
   commondir: ^1.0.1
   estree-walker: ^2.0.2
   fdir: ^6.2.0
   is-reference: 1.2.1
   magic-string: ^0.30.3
   picomatch: ^4.0.2
  peerDependencies:
   rollup: ^2.68.0||^3.0.0||^4.0.0
'@rollup/plugin-node-resolve':
 _latest: 16.0.3
 _:
  ^16.0.1: 16.0.3
 16.0.3:
  top: 1
  $: sha512-lUYM3UBGuM93CnMPG1YocWu7X802BrNF3jW2zny5gQyLQgRFJhV1Sq0Zi74+dh/6NBx1DxFC4b4GXg9wUCG5Qg==
  _: 'https://registry.npmjs.org/@rollup/plugin-node-resolve/-/plugin-node-resolve-16.0.3.tgz'
  dependencies:
   '@rollup/pluginutils': ^5.0.1
   '@types/resolve': 1.20.2
   deepmerge: ^4.2.2
   is-module: ^1.0.0
   resolve: ^1.22.1
  peerDependencies:
   rollup: ^2.78.0||^3.0.0||^4.0.0
'@rollup/plugin-replace':
 _latest: 6.0.3
 _:
  ^6.0.2: 6.0.3
 6.0.3:
  top: 1
  $: sha512-J4RZarRvQAm5IF0/LwUUg+obsm+xZhYnbMXmXROyoSE1ATJe3oXSb9L5MMppdxP2ylNSjv6zFBwKYjcKMucVfA==
  _: 'https://registry.npmjs.org/@rollup/plugin-replace/-/plugin-replace-6.0.3.tgz'
  dependencies:
   '@rollup/pluginutils': ^5.0.1
   magic-string: ^0.30.3
  peerDependencies:
   rollup: ^1.20.0||^2.0.0||^3.0.0||^4.0.0
'@rollup/plugin-terser':
 _latest: 0.4.4
 _:
  ^0.4.4: 0.4.4
 0.4.4:
  top: 1
  $: sha512-XHeJC5Bgvs8LfukDwWZp7yeqin6ns8RTl2B9avbejt6tZqsqvVoWI7ZTQrcNsfKEDWBTnTxM8nMDkO2IFFbd0A==
  _: 'https://registry.npmjs.org/@rollup/plugin-terser/-/plugin-terser-0.4.4.tgz'
  dependencies:
   serialize-javascript: ^6.0.1
   smob: ^1.0.0
   terser: ^5.17.4
  peerDependencies:
   rollup: ^2.0.0||^3.0.0||^4.0.0
'@rollup/pluginutils':
 _latest: 5.3.0
 _:
  ^5.0.1: 5.3.0
 5.3.0:
  $: sha512-5EdhGZtnu3V88ces7s53hhfK5KSASnJZv8Lulpc04cWO3REESroJXg73DFsOmgbU2BhwV0E20bu2IDZb3VKW4Q==
  _: 'https://registry.npmjs.org/@rollup/pluginutils/-/pluginutils-5.3.0.tgz'
  dependencies:
   '@types/estree': ^1.0.0
   estree-walker: ^2.0.2
   picomatch: ^4.0.2
  peerDependencies:
   rollup: ^1.20.0||^2.0.0||^3.0.0||^4.0.0
'@rollup/rollup-darwin-arm64':
 _latest: 4.53.3
 _:
  4.53.3: 4.53.3
 4.53.3:
  $: sha512-Nr7SlQeqIBpOV6BHHGZgYBuSdanCXuw09hon14MGOLGmXAFYjx1wNvquVPmpZnl0tLjg25dEdr4IQ6GgyToCUA==
  _: 'https://registry.npmjs.org/@rollup/rollup-darwin-arm64/-/rollup-darwin-arm64-4.53.3.tgz'
  os:
   - darwin
  cpu:
   - arm64
'@types/estree':
 _latest: 1.0.8
 _:
  '*,1.0.8,^1.0.0': 1.0.8
 1.0.8:
  $: sha512-dWHzHa2WqEXI/O1E9OjrocMTKJl2mSrEolh1Iomrv6U+JuNwaHXsXx9bLu5gG7BUWFIN0skIQJQ/L1rIex4X6w==
  _: 'https://registry.npmjs.org/@types/estree/-/estree-1.0.8.tgz'
'@types/resolve':
 _latest: 1.20.6
 _:
  1.20.2: 1.20.2
 1.20.2:
  $: sha512-60BCwRFOZCQhDncwQdxxeOEEkbc5dIMccYLwbxsS4TUNeVECQ/pBJ0j09mrHOl/JJvpRPGwO9SvE4nR2Nb/a4Q==
  _: 'https://registry.npmjs.org/@types/resolve/-/resolve-1.20.2.tgz'
acorn:
 _latest: 8.15.0
 _:
  ^8.15.0: 8.15.0
 8.15.0:
  $: sha512-NZyJarBfL7nWwIq+FDL6Zp/yHEhePMNnnJ0y3qfieCrmNvYct8uvtiV41UvlSe6apAfk0fY1FbWx+NwfmpvtTg==
  _: 'https://registry.npmjs.org/acorn/-/acorn-8.15.0.tgz'
ag-charts-types:
 _latest: 12.3.1
 _:
  11.3.2: 11.3.2
 11.3.2:
  $: sha512-trPGqgGYiTeLgtf9nLuztDYOPOFOLbqHn1g2D99phf7QowcwdX0TPx0wfWG8Hm90LjB8IH+G2s3AZe2vrdAtMQ==
  _: 'https://registry.npmjs.org/ag-charts-types/-/ag-charts-types-11.3.2.tgz'
ag-grid-community:
 _latest: 34.3.1
 _:
  ^33.3.2: 33.3.2
 33.3.2:
  top: 1
  $: sha512-9bx0e/+ykOyLvUxHqmdy0cRVANH6JAtv0yZdnBZEXYYqBAwN+G5a4NY+2I1KvoOCYzbk8SnStG7y4hCdVAAWOQ==
  _: 'https://registry.npmjs.org/ag-grid-community/-/ag-grid-community-33.3.2.tgz'
  dependencies:
   ag-charts-types: 11.3.2
buffer-from:
 _latest: 1.1.2
 _:
  ^1.0.0: 1.1.2
 1.1.2:
  $: sha512-E+XQCRwSbaaiChtv6k6Dwgc+bx+Bs6vuKJHHl5kox/BaKbhiXzqQOwK4cO22yElGp2OCmjwVhT3HmxgyPGnJfQ==
  _: 'https://registry.npmjs.org/buffer-from/-/buffer-from-1.1.2.tgz'
commander:
 _latest: 14.0.2
 _:
  ^2.20.0: 2.20.3
 2.20.3:
  $: sha512-GpVkmM8vF2vQUkj2LvZmD35JxeJOLCwJ9cUkugyk2nuhbv3+mJvpLYYt+0+USMxE+oj+ey/lJEnhZw75x/OMcQ==
  _: 'https://registry.npmjs.org/commander/-/commander-2.20.3.tgz'
commondir:
 _latest: 1.0.1
 _:
  ^1.0.1: 1.0.1
 1.0.1:
  $: sha512-W9pAhw0ja1Edb5GVdIF1mjZw/ASI0AlShXM83UUGe2DVr5TdAPEA1OA8m/g8zWp9x6On7gqufY+FatDbC3MDQg==
  _: 'https://registry.npmjs.org/commondir/-/commondir-1.0.1.tgz'
deepmerge:
 _latest: 4.3.1
 _:
  ^4.2.2: 4.3.1
 4.3.1:
  $: sha512-3sUqbMEc77XqpdNO7FRyRog+eW3ph+GYCbj+rK+uYyRMuwsVy0rMiVtPn+QJlKFvWP/1PYpapqYn0Me2knFn+A==
  _: 'https://registry.npmjs.org/deepmerge/-/deepmerge-4.3.1.tgz'
estree-walker:
 _latest: 3.0.3
 _:
  ^2.0.2: 2.0.2
 2.0.2:
  $: sha512-Rfkk/Mp/DL7JVje3u18FxFujQlTNR2q6QfMSMB7AvCBx91NGj/ba3kCfza0f6dVDbw7YlRf/nDrn7pQrCCyQ/w==
  _: 'https://registry.npmjs.org/estree-walker/-/estree-walker-2.0.2.tgz'
fdir:
 _latest: 6.5.0
 _:
  ^6.2.0: 6.5.0
 6.5.0:
  $: sha512-tIbYtZbucOs0BRGqPJkshJUYdL+SDH7dVM8gjy+ERp3WAUjLEFJE+02kanyHtwjWOnwrKYBiwAmM0p4kLJAnXg==
  _: 'https://registry.npmjs.org/fdir/-/fdir-6.5.0.tgz'
  peerDependencies:
   picomatch: '^3 || ^4'
fsevents:
 _latest: 2.3.3
 _:
  ~2.3.2: 2.3.3
 2.3.3:
  $: sha512-5xoDfX+fL7faATnagmWPpbFtwh/R77WmMMqqHGS65C3vvB0YHrgF+B1YmZ3441tMj5n63k0212XNoJwzlhffQw==
  _: 'https://registry.npmjs.org/fsevents/-/fsevents-2.3.3.tgz'
  os:
   - darwin
function-bind:
 _latest: 1.1.2
 _:
  ^1.1.2: 1.1.2
 1.1.2:
  $: sha512-7XHNxH7qX9xG5mIwxkhumTox/MIRNcOgDrxWsMt2pAr23WHp6MrRlN7FBSFpCpr+oVO0F744iUgR82nJMfG2SA==
  _: 'https://registry.npmjs.org/function-bind/-/function-bind-1.1.2.tgz'
hasown:
 _latest: 2.0.2
 _:
  ^2.0.2: 2.0.2
 2.0.2:
  $: sha512-0hJU9SCPvmMzIBdZFqNPXWa6dqh7WdH0cII9y+CyS8rG3nL48Bclra9HmKhVVUHyPWNH5Y7xDwAB7bfgSjkUMQ==
  _: 'https://registry.npmjs.org/hasown/-/hasown-2.0.2.tgz'
  dependencies:
   function-bind: ^1.1.2
is-core-module:
 _latest: 2.16.1
 _:
  ^2.16.1: 2.16.1
 2.16.1:
  $: sha512-UfoeMA6fIJ8wTYFEUjelnaGI67v6+N7qXJEvQuIGa99l4xsCruSYOVSQ0uPANn4dAzm8lkYPaKLrrijLq7x23w==
  _: 'https://registry.npmjs.org/is-core-module/-/is-core-module-2.16.1.tgz'
  dependencies:
   hasown: ^2.0.2
is-module:
 _latest: 1.0.0
 _:
  ^1.0.0: 1.0.0
 1.0.0:
  $: sha512-51ypPSPCoTEIN9dy5Oy+h4pShgJmPCygKfyRCISBI+JoWT/2oJvK8QPxmwv7b/p239jXrm9M1mlQbyKJ5A152g==
  _: 'https://registry.npmjs.org/is-module/-/is-module-1.0.0.tgz'
is-reference:
 _latest: 3.0.3
 _:
  1.2.1: 1.2.1
 1.2.1:
  $: sha512-U82MsXXiFIrjCK4otLT+o2NA2Cd2g5MLoOVXUZjIOhLurrRxpEXzI8O0KZHr3IjLvlAH1kTPYSuqer5T9ZVBKQ==
  _: 'https://registry.npmjs.org/is-reference/-/is-reference-1.2.1.tgz'
  dependencies:
   '@types/estree': '*'
magic-string:
 _latest: 0.30.21
 _:
  ^0.30.3: 0.30.21
 0.30.21:
  $: sha512-vd2F4YUyEXKGcLHoq+TEyCjxueSeHnFxyyjNp80yg0XV4vUhnDer/lvvlqM/arB5bXQN5K2/3oinyCRyx8T2CQ==
  _: 'https://registry.npmjs.org/magic-string/-/magic-string-0.30.21.tgz'
  dependencies:
   '@jridgewell/sourcemap-codec': ^1.5.5
path-parse:
 _latest: 1.0.7
 _:
  ^1.0.7: 1.0.7
 1.0.7:
  $: sha512-LDJzPVEEEPR+y48z93A0Ed0yXb8pAByGWo/k5YYdYgpY2/2EsOsksJrq7lOHxryrVOn1ejG6oAp8ahvOIQD8sw==
  _: 'https://registry.npmjs.org/path-parse/-/path-parse-1.0.7.tgz'
picomatch:
 _latest: 4.0.3
 _:
  ^4.0.2: 4.0.3
 4.0.3:
  $: sha512-5gTmgEY/sqK6gFXLIsQNH19lWb4ebPDLA4SdLP7dsWkIXHWlG66oPuVvXSGFPppYZz8ZDZq0dYYrbHfBCVUb1Q==
  _: 'https://registry.npmjs.org/picomatch/-/picomatch-4.0.3.tgz'
randombytes:
 _latest: 2.1.0
 _:
  ^2.1.0: 2.1.0
 2.1.0:
  $: sha512-vYl3iOX+4CKUWuxGi9Ukhie6fsqXqS9FE2Zaic4tNFD2N2QQaXOMFbuKK4QmDHC0JO6B1Zp41J0LpT0oR68amQ==
  _: 'https://registry.npmjs.org/randombytes/-/randombytes-2.1.0.tgz'
  dependencies:
   safe-buffer: ^5.1.0
resolve:
 _latest: 1.22.11
 _:
  ^1.22.1: 1.22.11
 1.22.11:
  $: sha512-RfqAvLnMl313r7c9oclB1HhUEAezcpLjz95wFH4LVuhk9JF/r22qmVP9AMmOU4vMX7Q8pN8jwNg/CSpdFnMjTQ==
  _: 'https://registry.npmjs.org/resolve/-/resolve-1.22.11.tgz'
  dependencies:
   is-core-module: ^2.16.1
   path-parse: ^1.0.7
   supports-preserve-symlinks-flag: ^1.0.0
rollup:
 _latest: 4.53.3
 _:
  ^4.40.2: 4.53.3
 4.53.3:
  top: 1
  $: sha512-w8GmOxZfBmKknvdXU1sdM9NHcoQejwF/4mNgj2JuEEdRaHwwF12K7e9eXn1nLZ07ad+du76mkVsyeb2rKGllsA==
  _: 'https://registry.npmjs.org/rollup/-/rollup-4.53.3.tgz'
  dependencies:
   '@types/estree': 1.0.8
  optionalDependencies:
   fsevents: ~2.3.2
   '@rollup/rollup-darwin-arm64': 4.53.3
   '@rollup/rollup-android-arm64': 4.53.3
   '@rollup/rollup-win32-arm64-msvc': 4.53.3
   '@rollup/rollup-freebsd-arm64': 4.53.3
   '@rollup/rollup-linux-arm64-gnu': 4.53.3
   '@rollup/rollup-linux-arm64-musl': 4.53.3
   '@rollup/rollup-android-arm-eabi': 4.53.3
   '@rollup/rollup-linux-arm-gnueabihf': 4.53.3
   '@rollup/rollup-linux-arm-musleabihf': 4.53.3
   '@rollup/rollup-win32-ia32-msvc': 4.53.3
   '@rollup/rollup-linux-loong64-gnu': 4.53.3
   '@rollup/rollup-linux-riscv64-gnu': 4.53.3
   '@rollup/rollup-linux-riscv64-musl': 4.53.3
   '@rollup/rollup-linux-ppc64-gnu': 4.53.3
   '@rollup/rollup-linux-s390x-gnu': 4.53.3
   '@rollup/rollup-darwin-x64': 4.53.3
   '@rollup/rollup-win32-x64-gnu': 4.53.3
   '@rollup/rollup-win32-x64-msvc': 4.53.3
   '@rollup/rollup-freebsd-x64': 4.53.3
   '@rollup/rollup-linux-x64-gnu': 4.53.3
   '@rollup/rollup-linux-x64-musl': 4.53.3
   '@rollup/rollup-openharmony-arm64': 4.53.3
safe-buffer:
 _latest: 5.2.1
 _:
  ^5.1.0: 5.2.1
 5.2.1:
  $: sha512-rp3So07KcdmmKbGvgaNxQSJr7bGVSVk5S9Eq1F+ppbRo70+YeaDxkw5Dd8NPN+GD6bjnYm2VuPuCXmpuYvmCXQ==
  _: 'https://registry.npmjs.org/safe-buffer/-/safe-buffer-5.2.1.tgz'
serialize-javascript:
 _latest: 7.0.0
 _:
  ^6.0.1: 6.0.2
 6.0.2:
  $: sha512-Saa1xPByTTq2gdeFZYLLo+RFE35NHZkAbqZeWNd3BpzppeVisAqpDjcp8dyf6uIvEqJRd46jemmyA4iFIeVk8g==
  _: 'https://registry.npmjs.org/serialize-javascript/-/serialize-javascript-6.0.2.tgz'
  dependencies:
   randombytes: ^2.1.0
smob:
 _latest: 1.5.0
 _:
  ^1.0.0: 1.5.0
 1.5.0:
  $: sha512-g6T+p7QO8npa+/hNx9ohv1E5pVCmWrVCUzUXJyLdMmftX6ER0oiWY/w9knEonLpnOp6b6FenKnMfR8gqwWdwig==
  _: 'https://registry.npmjs.org/smob/-/smob-1.5.0.tgz'
source-map:
 _latest: 0.7.6
 _:
  ^0.6.0: 0.6.1
 0.6.1:
  $: sha512-UjgapumWlbMhkBgzT7Ykc5YXUT46F0iKu8SGXq0bcwP5dz/h0Plj6enJqjz1Zbq2l5WaqYnrVbwWOWMyF3F47g==
  _: 'https://registry.npmjs.org/source-map/-/source-map-0.6.1.tgz'
source-map-support:
 _latest: 0.5.21
 _:
  ~0.5.20: 0.5.21
 0.5.21:
  $: sha512-uBHU3L3czsIyYXKX88fdrGovxdSCoTGDRZ6SYXtSRxLZUzHg5P/66Ht6uoUlHu9EZod+inXhKo3qQgwXUT/y1w==
  _: 'https://registry.npmjs.org/source-map-support/-/source-map-support-0.5.21.tgz'
  dependencies:
   buffer-from: ^1.0.0
   source-map: ^0.6.0
supports-preserve-symlinks-flag:
 _latest: 1.0.0
 _:
  ^1.0.0: 1.0.0
 1.0.0:
  $: sha512-ot0WnXS9fgdkgIcePe6RHNk1WA8+muPa6cSjeR3V8K27q9BB1rTE3R1p7Hv0z1ZyAc8s6Vvv8DIyWf681MAt0w==
  _: 'https://registry.npmjs.org/supports-preserve-symlinks-flag/-/supports-preserve-symlinks-flag-1.0.0.tgz'
terser:
 _latest: 5.44.1
 _:
  ^5.17.4: 5.44.1
 5.44.1:
  $: sha512-t/R3R/n0MSwnnazuPpPNVO60LX0SKL45pyl9YlvxIdkH0Of7D5qM2EVe+yASRIlY5pZ73nclYJfNANGWPwFDZw==
  _: 'https://registry.npmjs.org/terser/-/terser-5.44.1.tgz'
  dependencies:
   '@jridgewell/source-map': ^0.3.3
   acorn: ^8.15.0
   commander: ^2.20.0
   source-map-support: ~0.5.20
