$fyn:
 layout: normal
 flattenTop: true
$pkg:
 dev:
  '@fynmesh/kernel': ../../core/kernel
'@fynmesh/kernel':
 _latest: 1.1.1-fynlocal_h
 _:
  ../../core/kernel: 1.1.1-fynlocal_h
 1.1.1-fynlocal_h:
  top: 1
  $: local
  _: ../../core/kernel
  dependencies:
   federation-js: ^1.0.0
federation-js:
 _latest: 1.1.1-fynlocal_h
 _:
  ../../rollup-federation/federation-js: 1.1.1-fynlocal_h
 1.1.1-fynlocal_h:
  $: local
  _: ../../rollup-federation/federation-js
