$fyn:
 layout: normal
 flattenTop: true
$pkg:
 dev:
  '@rollup/plugin-alias': ^5.1.1
  '@rollup/plugin-commonjs': ^29.0.3
  '@rollup/plugin-node-resolve': ^16.0.1
  '@rollup/plugin-replace': ^6.0.2
  esm-pkg: ../esm-pkg
  esm-react: ../../misc/esm-react-18
  esm-react-dom: ../../misc/esm-react-dom-18
  rollup: ^4.63.3
'@jridgewell/sourcemap-codec':
 _latest: 1.5.0
 _:
  ^1.5.0: 1.5.0
 1.5.0:
  $: sha512-gv3ZRaISU3fjPAgNsriBRqGWQL6quFx04YMPW/zD8XMLsU32mhCCbfbO6KZFLjvYpCZ8zyDEgqsgf+PwPaM7GQ==
  _: 'https://registry.npmjs.org/@jridgewell/sourcemap-codec/-/sourcemap-codec-1.5.0.tgz'
'@napi-rs/lzma-linux-x64-gnu':
 _latest: 1.5.1
 _:
  1.5.1: 1.5.1
 1.5.1:
  $: sha512-oTXEIha4SsuXdTA4Iyskj0kpdx2yVXdhd75c2v3xGrHFfVMsbhTPZU/nMPL4sWKo4pBHm3aucLaqGlF696dTyQ==
  _: 'https://registry.npmjs.org/@napi-rs/lzma-linux-x64-gnu/-/lzma-linux-x64-gnu-1.5.1.tgz'
  os:
   - linux
  cpu:
   - x64
'@rollup/plugin-alias':
 _latest: 5.1.1
 _:
  ^5.1.1: 5.1.1
 5.1.1:
  top: 1
  $: sha512-PR9zDb+rOzkRb2VD+EuKB7UC41vU5DIwZ5qqCpk0KJudcWAyi8rvYOhS7+L5aZCspw1stTViLgN5v6FF1p5cgQ==
  _: 'https://registry.npmjs.org/@rollup/plugin-alias/-/plugin-alias-5.1.1.tgz'
  peerDependencies:
   rollup: ^1.20.0||^2.0.0||^3.0.0||^4.0.0
'@rollup/plugin-commonjs':
 _latest: 29.0.3
 _:
  ^29.0.3: 29.0.3
 29.0.3:
  top: 1
  $: sha512-ZaOxZceP7SOUW7Lqw5IRVweSQYWaeIPnXIGLiB690EBA3FGJTO40EEr2L5yZplJWsgTCogILRSpcAe7+U0Otdg==
  _: 'https://registry.npmjs.org/@rollup/plugin-commonjs/-/plugin-commonjs-29.0.3.tgz'
  dependencies:
   '@rollup/pluginutils': ^5.0.1
   commondir: ^1.0.1
   estree-walker: ^2.0.2
   fdir: ^6.2.0
   is-reference: 1.2.1
   magic-string: ^0.30.3
   picomatch: ^4.0.2
  peerDependencies:
   rollup: ^2.68.0||^3.0.0||^4.0.0
'@rollup/plugin-node-resolve':
 _latest: 16.0.1
 _:
  ^16.0.1: 16.0.1
 16.0.1:
  top: 1
  $: sha512-tk5YCxJWIG81umIvNkSod2qK5KyQW19qcBF/B78n1bjtOON6gzKoVeSzAE8yHCZEDmqkHKkxplExA8KzdJLJpA==
  _: 'https://registry.npmjs.org/@rollup/plugin-node-resolve/-/plugin-node-resolve-16.0.1.tgz'
  dependencies:
   '@rollup/pluginutils': ^5.0.1
   '@types/resolve': 1.20.2
   deepmerge: ^4.2.2
   is-module: ^1.0.0
   resolve: ^1.22.1
  peerDependencies:
   rollup: ^2.78.0||^3.0.0||^4.0.0
'@rollup/plugin-replace':
 _latest: 6.0.2
 _:
  ^6.0.2: 6.0.2
 6.0.2:
  top: 1
  $: sha512-7QaYCf8bqF04dOy7w/eHmJeNExxTYwvKAmlSAH/EaWWUzbT0h5sbF6bktFoX/0F/0qwng5/dWFMyf3gzaM8DsQ==
  _: 'https://registry.npmjs.org/@rollup/plugin-replace/-/plugin-replace-6.0.2.tgz'
  dependencies:
   '@rollup/pluginutils': ^5.0.1
   magic-string: ^0.30.3
  peerDependencies:
   rollup: ^1.20.0||^2.0.0||^3.0.0||^4.0.0
'@rollup/pluginutils':
 _latest: 5.1.4
 _:
  ^5.0.1: 5.1.4
 5.1.4:
  $: sha512-USm05zrsFxYLPdWWq+K3STlWiT/3ELn3RcV5hJMghpeAIhxfsUIg6mt12CBJBInWMV4VneoV7SfGv8xIwo2qNQ==
  _: 'https://registry.npmjs.org/@rollup/pluginutils/-/pluginutils-5.1.4.tgz'
  dependencies:
   '@types/estree': ^1.0.0
   estree-walker: ^2.0.2
   picomatch: ^4.0.2
  peerDependencies:
   rollup: ^1.20.0||^2.0.0||^3.0.0||^4.0.0
'@rollup/rollup-android-arm-eabi':
 _latest: 4.63.3
 _:
  4.63.3: 4.63.3
 4.63.3:
  $: sha512-w3Jnvi1ocaVm/c7yVPpfB98XeSRBMyzp6njL5MVVbGyXjpmUkN+s6Hp4t0PqhGCCaI1ZHMKXt/w0lA1RCaLVcw==
  _: 'https://registry.npmjs.org/@rollup/rollup-android-arm-eabi/-/rollup-android-arm-eabi-4.63.3.tgz'
  os:
   - android
  cpu:
   - arm
'@rollup/rollup-android-arm64':
 _latest: 4.63.3
 _:
  4.63.3: 4.63.3
 4.63.3:
  $: sha512-uI/ESiaIbbRYAEhzy8PCUWDp1hB0bjAqM06mW9flOoNO4Q8DQpeoREhBR5Hegfl+wpXiguyJv6XSPzEN7OxyHQ==
  _: 'https://registry.npmjs.org/@rollup/rollup-android-arm64/-/rollup-android-arm64-4.63.3.tgz'
  os:
   - android
  cpu:
   - arm64
'@rollup/rollup-darwin-arm64':
 _latest: 4.63.3
 _:
  4.63.3: 4.63.3
 4.63.3:
  $: sha512-oxhrd1jmXLwWZ83eQYDXxuqRdkqkzrjR3JobKeuUyfdNZo11FuQIvqEOZhyIT7OBHxXoGslDDjN0cQcM6T0TqQ==
  _: 'https://registry.npmjs.org/@rollup/rollup-darwin-arm64/-/rollup-darwin-arm64-4.63.3.tgz'
  os:
   - darwin
  cpu:
   - arm64
'@rollup/rollup-darwin-x64':
 _latest: 4.63.3
 _:
  4.63.3: 4.63.3
 4.63.3:
  $: sha512-7/YiIMghVE8DrxKvNdorAaJVdriOFgOIpdStnPx8ppx5zfTwC3jBCSEAIzB7JD5404m65THl6H93UTTVUvypmg==
  _: 'https://registry.npmjs.org/@rollup/rollup-darwin-x64/-/rollup-darwin-x64-4.63.3.tgz'
  os:
   - darwin
  cpu:
   - x64
'@rollup/rollup-freebsd-arm64':
 _latest: 4.63.3
 _:
  4.63.3: 4.63.3
 4.63.3:
  $: sha512-GXFZRRoMAytaI5z6N3Zhfw0WL18Q0M8r95D5hlC4GqE/lGk8pbSJNUBoOWDfbm6dTciqHj2nU87tI5f6XhQiOg==
  _: 'https://registry.npmjs.org/@rollup/rollup-freebsd-arm64/-/rollup-freebsd-arm64-4.63.3.tgz'
  os:
   - freebsd
  cpu:
   - arm64
'@rollup/rollup-freebsd-x64':
 _latest: 4.63.3
 _:
  4.63.3: 4.63.3
 4.63.3:
  $: sha512-77W+8X3ddYgPxUpB8nZFQs2Mq+wc4HVlcSRtApXLjYBcnPMkttrSnU8VwKQjeWYhMsITHFs5cWBQ8vz1Q+5RHQ==
  _: 'https://registry.npmjs.org/@rollup/rollup-freebsd-x64/-/rollup-freebsd-x64-4.63.3.tgz'
  os:
   - freebsd
  cpu:
   - x64
'@rollup/rollup-linux-arm-gnueabihf':
 _latest: 4.63.3
 _:
  4.63.3: 4.63.3
 4.63.3:
  $: sha512-FVkwK+iUC+mq+GipVK46rRVticfAPtvPUNlqlGXUDxdVk/UGjQiiiUVPUrEXdSpU2ufU0XxLGyTqDtBidDOVmg==
  _: 'https://registry.npmjs.org/@rollup/rollup-linux-arm-gnueabihf/-/rollup-linux-arm-gnueabihf-4.63.3.tgz'
  os:
   - linux
  cpu:
   - arm
'@rollup/rollup-linux-arm-musleabihf':
 _latest: 4.63.3
 _:
  4.63.3: 4.63.3
 4.63.3:
  $: sha512-+aGU1t3398yQOVj1Bz8o3e+KtswxAPvO+mtxtNdfXYMkXIHu7XhhkCD7/DEH9q8tF8uhDnMWvfpUKI8y1sZJsg==
  _: 'https://registry.npmjs.org/@rollup/rollup-linux-arm-musleabihf/-/rollup-linux-arm-musleabihf-4.63.3.tgz'
  os:
   - linux
  cpu:
   - arm
'@rollup/rollup-linux-arm64-gnu':
 _latest: 4.63.3
 _:
  4.63.3: 4.63.3
 4.63.3:
  $: sha512-cR0kjpRXR2KJ2oQK8E2KTPtphs+b9hZ8IhTZubNryt/RsqgdOZBQ2Zq0q5UedtiIi0rs3jVhJh55RE1ZHUVGUA==
  _: 'https://registry.npmjs.org/@rollup/rollup-linux-arm64-gnu/-/rollup-linux-arm64-gnu-4.63.3.tgz'
  os:
   - linux
  cpu:
   - arm64
'@rollup/rollup-linux-arm64-musl':
 _latest: 4.63.3
 _:
  4.63.3: 4.63.3
 4.63.3:
  $: sha512-y1RYi4Q3/9ByVWSSt9kX2ustE0B7kFYbJ6zZdVZVyqopZs3yhCTwRfrjIX4vezUJInma/Gs6BOFDJg7yZmJ0IQ==
  _: 'https://registry.npmjs.org/@rollup/rollup-linux-arm64-musl/-/rollup-linux-arm64-musl-4.63.3.tgz'
  os:
   - linux
  cpu:
   - arm64
'@rollup/rollup-linux-loong64-gnu':
 _latest: 4.63.3
 _:
  4.63.3: 4.63.3
 4.63.3:
  $: sha512-DNhEA5viIj3Z5bZLE4z4oV8N5ozWqDwyt7T6KG7VdLDJ0nW+rNOYlphBl4/3HQkK75qipPLsVOfStHHOwN9WSg==
  _: 'https://registry.npmjs.org/@rollup/rollup-linux-loong64-gnu/-/rollup-linux-loong64-gnu-4.63.3.tgz'
  os:
   - linux
  cpu:
   - loong64
'@rollup/rollup-linux-loong64-musl':
 _latest: 4.63.3
 _:
  4.63.3: 4.63.3
 4.63.3:
  $: sha512-17gQCqrIpXBX2Cmi9/TygnVOqGbzsba/iaqcYSL8FY7lNugg+7AiYNs5c5nKWD+NRQha36Sa0CqkJqH4XVHwnQ==
  _: 'https://registry.npmjs.org/@rollup/rollup-linux-loong64-musl/-/rollup-linux-loong64-musl-4.63.3.tgz'
  os:
   - linux
  cpu:
   - loong64
'@rollup/rollup-linux-ppc64-gnu':
 _latest: 4.63.3
 _:
  4.63.3: 4.63.3
 4.63.3:
  $: sha512-6LwVnZRIyINpdku/yOcI8Tm9YqLmhHK5emmlOOnW9tO0SYEm1FmKPcsSAGp0NBlqR2P04xaND4jvN6sTHqhq8A==
  _: 'https://registry.npmjs.org/@rollup/rollup-linux-ppc64-gnu/-/rollup-linux-ppc64-gnu-4.63.3.tgz'
  os:
   - linux
  cpu:
   - ppc64
'@rollup/rollup-linux-ppc64-musl':
 _latest: 4.63.3
 _:
  4.63.3: 4.63.3
 4.63.3:
  $: sha512-xMUqkTXlEUtI/p5AAukMwBRr1enU3efsTeF+bskeFfk8t1C9rcC8sLREcZXmTfAXEbvRdJVSonVJez3TMlbR3w==
  _: 'https://registry.npmjs.org/@rollup/rollup-linux-ppc64-musl/-/rollup-linux-ppc64-musl-4.63.3.tgz'
  os:
   - linux
  cpu:
   - ppc64
'@rollup/rollup-linux-riscv64-gnu':
 _latest: 4.63.3
 _:
  4.63.3: 4.63.3
 4.63.3:
  $: sha512-S3E94co9F9WRRqEaUoQZ38K1gCz6KiM+nL7/3ijq7fDGF3OznjS5TasgYITlvl27GQKtu4lOAOsr5MFwkijvOA==
  _: 'https://registry.npmjs.org/@rollup/rollup-linux-riscv64-gnu/-/rollup-linux-riscv64-gnu-4.63.3.tgz'
  os:
   - linux
  cpu:
   - riscv64
'@rollup/rollup-linux-riscv64-musl':
 _latest: 4.63.3
 _:
  4.63.3: 4.63.3
 4.63.3:
  $: sha512-1QtRDwG42x5BJI3s9mxu5rEjDnfbSnk20HQ9/ylTAYnSwYwxMVb+Vgu34wzzTQ7ogqBybebgQNUDAvZVQ38DbA==
  _: 'https://registry.npmjs.org/@rollup/rollup-linux-riscv64-musl/-/rollup-linux-riscv64-musl-4.63.3.tgz'
  os:
   - linux
  cpu:
   - riscv64
'@rollup/rollup-linux-s390x-gnu':
 _latest: 4.63.3
 _:
  4.63.3: 4.63.3
 4.63.3:
  $: sha512-BQhejF6ZXOpxbngiNTP12GCGQeaDVL2QXGeBVViKIYzFHM5RKxTxwUMB1fr1BeNFphFMpnRqC5QSXFSa4z6UQw==
  _: 'https://registry.npmjs.org/@rollup/rollup-linux-s390x-gnu/-/rollup-linux-s390x-gnu-4.63.3.tgz'
  os:
   - linux
  cpu:
   - s390x
'@rollup/rollup-linux-x64-gnu':
 _latest: 4.63.3
 _:
  4.63.3: 4.63.3
 4.63.3:
  $: sha512-SXagRwnI2Wlwlitllu59UK/nGVbD1CKPcNqDplHwIC4BqJcpXFjD32d1R/RbuISa95HdQrZM3/7v4bKiowFaLA==
  _: 'https://registry.npmjs.org/@rollup/rollup-linux-x64-gnu/-/rollup-linux-x64-gnu-4.63.3.tgz'
  os:
   - linux
  cpu:
   - x64
'@rollup/rollup-linux-x64-musl':
 _latest: 4.63.3
 _:
  4.63.3: 4.63.3
 4.63.3:
  $: sha512-2IPozoEALRCziGqE8O9KMK60PMu5TS1huv4fwoeCexj+WjmcwFtX9CTOVbfXCUqcELAubEwRFPYlzb/WvwY2HQ==
  _: 'https://registry.npmjs.org/@rollup/rollup-linux-x64-musl/-/rollup-linux-x64-musl-4.63.3.tgz'
  os:
   - linux
  cpu:
   - x64
'@rollup/rollup-openbsd-x64':
 _latest: 4.63.3
 _:
  4.63.3: 4.63.3
 4.63.3:
  $: sha512-AoxqosUHT9IX54hFn2TiN6A7d6ZKTtE6pd2bqWtqkkNJ6HJGaU6FRouGX8L1O7R/ZwsnCnpQrHzb4pDEx+UHRQ==
  _: 'https://registry.npmjs.org/@rollup/rollup-openbsd-x64/-/rollup-openbsd-x64-4.63.3.tgz'
  os:
   - openbsd
  cpu:
   - x64
'@rollup/rollup-openharmony-arm64':
 _latest: 4.63.3
 _:
  4.63.3: 4.63.3
 4.63.3:
  $: sha512-d+CaftKgmkFBzCwezMqqy1d0QNNYugqLCMcYVQWBy5SS2YfeMP8Q8ripkgx9O8IyBXXLHrJ+aaCV4U96usv6Yg==
  _: 'https://registry.npmjs.org/@rollup/rollup-openharmony-arm64/-/rollup-openharmony-arm64-4.63.3.tgz'
  os:
   - openharmony
  cpu:
   - arm64
'@rollup/rollup-win32-arm64-msvc':
 _latest: 4.63.3
 _:
  4.63.3: 4.63.3
 4.63.3:
  $: sha512-xXlDF6nR1eOuXbdDy5Hl5fmtY7teUDevF/k0O7IPoZe4Tpmdv+lgdE5JRsnhQtt37ql9P0VF2kAN9a0OCZdo+Q==
  _: 'https://registry.npmjs.org/@rollup/rollup-win32-arm64-msvc/-/rollup-win32-arm64-msvc-4.63.3.tgz'
  os:
   - win32
  cpu:
   - arm64
'@rollup/rollup-win32-ia32-msvc':
 _latest: 4.63.3
 _:
  4.63.3: 4.63.3
 4.63.3:
  $: sha512-YtXAgLN+JP7Ay6qG3eWhc7IHMQPzLc8r3uvhAvlJIoCz/4Q32+Bl9Fmnywidh8v1GOIMmymjovfqY9ETAtysvA==
  _: 'https://registry.npmjs.org/@rollup/rollup-win32-ia32-msvc/-/rollup-win32-ia32-msvc-4.63.3.tgz'
  os:
   - win32
  cpu:
   - ia32
'@rollup/rollup-win32-x64-gnu':
 _latest: 4.63.3
 _:
  4.63.3: 4.63.3
 4.63.3:
  $: sha512-WuWtSJRNo549vzcfZyEgfqb6zeSgn1F+UE5kQ+BCjzz0W4MGCjntUHkZVc1VRuAM7+ULaSyhiPxD1spyewFvkQ==
  _: 'https://registry.npmjs.org/@rollup/rollup-win32-x64-gnu/-/rollup-win32-x64-gnu-4.63.3.tgz'
  os:
   - win32
  cpu:
   - x64
'@rollup/rollup-win32-x64-msvc':
 _latest: 4.63.3
 _:
  4.63.3: 4.63.3
 4.63.3:
  $: sha512-+lIKX7O0+IGe7WuhATaAMMeT7B76vfhXH/l9wLQL+nvyhbw2ohYCKIdWL56JfDu75CWt5oKRP4QFH/jkMtBquA==
  _: 'https://registry.npmjs.org/@rollup/rollup-win32-x64-msvc/-/rollup-win32-x64-msvc-4.63.3.tgz'
  os:
   - win32
  cpu:
   - x64
'@types/estree':
 _latest: 1.0.9
 _:
  '*,1.0.9,^1.0.0': 1.0.9
 1.0.9:
  $: sha512-GhdPgy1el4/ImP05X05Uw4cw2/M93BCUmnEvWZNStlCzEKME4Fkk+YpoA5OiHNQmoS7Cafb8Xa3Pya8m1Qrzeg==
  _: 'https://registry.npmjs.org/@types/estree/-/estree-1.0.9.tgz'
'@types/resolve':
 _latest: 1.20.6
 _:
  1.20.2: 1.20.2
 1.20.2:
  $: sha512-60BCwRFOZCQhDncwQdxxeOEEkbc5dIMccYLwbxsS4TUNeVECQ/pBJ0j09mrHOl/JJvpRPGwO9SvE4nR2Nb/a4Q==
  _: 'https://registry.npmjs.org/@types/resolve/-/resolve-1.20.2.tgz'
commondir:
 _latest: 1.0.1
 _:
  ^1.0.1: 1.0.1
 1.0.1:
  $: sha512-W9pAhw0ja1Edb5GVdIF1mjZw/ASI0AlShXM83UUGe2DVr5TdAPEA1OA8m/g8zWp9x6On7gqufY+FatDbC3MDQg==
  _: 'https://registry.npmjs.org/commondir/-/commondir-1.0.1.tgz'
deepmerge:
 _latest: 4.3.1
 _:
  ^4.2.2: 4.3.1
 4.3.1:
  $: sha512-3sUqbMEc77XqpdNO7FRyRog+eW3ph+GYCbj+rK+uYyRMuwsVy0rMiVtPn+QJlKFvWP/1PYpapqYn0Me2knFn+A==
  _: 'https://registry.npmjs.org/deepmerge/-/deepmerge-4.3.1.tgz'
esm-pkg:
 _latest: 1.0.0-fynlocal_h
 _:
  ../esm-pkg: 1.0.0-fynlocal_h
 1.0.0-fynlocal_h:
  top: 1
  $: local
  _: ../esm-pkg
esm-react:
 _latest: 18.3.1-fynlocal_h
 _:
  '../../misc/esm-react-18,../esm-react-18': 18.3.1-fynlocal_h
 18.3.1-fynlocal_h:
  top: 1
  $: local
  _: ../../misc/esm-react-18
esm-react-dom:
 _latest: 18.3.1-fynlocal_h
 _:
  ../../misc/esm-react-dom-18: 18.3.1-fynlocal_h
 18.3.1-fynlocal_h:
  top: 1
  $: local
  _: ../../misc/esm-react-dom-18
  dependencies:
   esm-react: ^18.3.1
estree-walker:
 _latest: 3.0.3
 _:
  ^2.0.2: 2.0.2
 2.0.2:
  $: sha512-Rfkk/Mp/DL7JVje3u18FxFujQlTNR2q6QfMSMB7AvCBx91NGj/ba3kCfza0f6dVDbw7YlRf/nDrn7pQrCCyQ/w==
  _: 'https://registry.npmjs.org/estree-walker/-/estree-walker-2.0.2.tgz'
fdir:
 _latest: 6.4.4
 _:
  ^6.2.0: 6.4.4
 6.4.4:
  $: sha512-1NZP+GK4GfuAv3PqKvxQRDMjdSRZjnkq7KfhlNrCNNlZ0ygQFpebfrnfnq/W7fpUnAv9aGWmY1zKx7FYL3gwhg==
  _: 'https://registry.npmjs.org/fdir/-/fdir-6.4.4.tgz'
  peerDependencies:
   picomatch: '^3 || ^4'
fsevents:
 _latest: 2.3.3
 _:
  ~2.3.2: 2.3.3
 2.3.3:
  $: sha512-5xoDfX+fL7faATnagmWPpbFtwh/R77WmMMqqHGS65C3vvB0YHrgF+B1YmZ3441tMj5n63k0212XNoJwzlhffQw==
  _: 'https://registry.npmjs.org/fsevents/-/fsevents-2.3.3.tgz'
  os:
   - darwin
function-bind:
 _latest: 1.1.2
 _:
  ^1.1.2: 1.1.2
 1.1.2:
  $: sha512-7XHNxH7qX9xG5mIwxkhumTox/MIRNcOgDrxWsMt2pAr23WHp6MrRlN7FBSFpCpr+oVO0F744iUgR82nJMfG2SA==
  _: 'https://registry.npmjs.org/function-bind/-/function-bind-1.1.2.tgz'
hasown:
 _latest: 2.0.2
 _:
  ^2.0.2: 2.0.2
 2.0.2:
  $: sha512-0hJU9SCPvmMzIBdZFqNPXWa6dqh7WdH0cII9y+CyS8rG3nL48Bclra9HmKhVVUHyPWNH5Y7xDwAB7bfgSjkUMQ==
  _: 'https://registry.npmjs.org/hasown/-/hasown-2.0.2.tgz'
  dependencies:
   function-bind: ^1.1.2
is-core-module:
 _latest: 2.16.1
 _:
  ^2.16.0: 2.16.1
 2.16.1:
  $: sha512-UfoeMA6fIJ8wTYFEUjelnaGI67v6+N7qXJEvQuIGa99l4xsCruSYOVSQ0uPANn4dAzm8lkYPaKLrrijLq7x23w==
  _: 'https://registry.npmjs.org/is-core-module/-/is-core-module-2.16.1.tgz'
  dependencies:
   hasown: ^2.0.2
is-module:
 _latest: 1.0.0
 _:
  ^1.0.0: 1.0.0
 1.0.0:
  $: sha512-51ypPSPCoTEIN9dy5Oy+h4pShgJmPCygKfyRCISBI+JoWT/2oJvK8QPxmwv7b/p239jXrm9M1mlQbyKJ5A152g==
  _: 'https://registry.npmjs.org/is-module/-/is-module-1.0.0.tgz'
is-reference:
 _latest: 3.0.3
 _:
  1.2.1: 1.2.1
 1.2.1:
  $: sha512-U82MsXXiFIrjCK4otLT+o2NA2Cd2g5MLoOVXUZjIOhLurrRxpEXzI8O0KZHr3IjLvlAH1kTPYSuqer5T9ZVBKQ==
  _: 'https://registry.npmjs.org/is-reference/-/is-reference-1.2.1.tgz'
  dependencies:
   '@types/estree': '*'
magic-string:
 _latest: 0.30.17
 _:
  ^0.30.3: 0.30.17
 0.30.17:
  $: sha512-sNPKHvyjVf7gyjwS4xGTaW/mCnF8wnjtifKBEhxfZ7E/S8tQ0rssrwGNn6q8JH/ohItJfSQp9mBtQYuTlH5QnA==
  _: 'https://registry.npmjs.org/magic-string/-/magic-string-0.30.17.tgz'
  dependencies:
   '@jridgewell/sourcemap-codec': ^1.5.0
path-parse:
 _latest: 1.0.7
 _:
  ^1.0.7: 1.0.7
 1.0.7:
  $: sha512-LDJzPVEEEPR+y48z93A0Ed0yXb8pAByGWo/k5YYdYgpY2/2EsOsksJrq7lOHxryrVOn1ejG6oAp8ahvOIQD8sw==
  _: 'https://registry.npmjs.org/path-parse/-/path-parse-1.0.7.tgz'
picomatch:
 _latest: 4.0.7
 _:
  4.0.7: 4.0.7
 4.0.7:
  $: sha512-qcJu88Q2IWqJsDD529JKMdwGm/dvInW4HvQnRwiH9JtihJvzGOscDtHE3x1pBKeUOTysQ8kVmLnJ2kJu7yhcGA==
  _: 'https://registry.npmjs.org/picomatch/-/picomatch-4.0.7.tgz'
resolve:
 _latest: 1.22.10
 _:
  ^1.22.1: 1.22.10
 1.22.10:
  $: sha512-NPRy+/ncIMeDlTAsuqwKIiferiawhefFJtkNSW0qZJEqMEb+qBt/77B/jGeeek+F0uOeN05CDa6HXbbIgtVX4w==
  _: 'https://registry.npmjs.org/resolve/-/resolve-1.22.10.tgz'
  dependencies:
   is-core-module: ^2.16.0
   path-parse: ^1.0.7
   supports-preserve-symlinks-flag: ^1.0.0
rollup:
 _latest: 4.63.3
 _:
  ^4.63.3: 4.63.3
 4.63.3:
  top: 1
  $: sha512-1i2XreiAoMMXuPGD6Msj2xWrMMkHojNRKivInxGQcg7/1KuPuYlfUutLyh4drnOxUTHX9cHI4wFoat8D/NKaBw==
  _: 'https://registry.npmjs.org/rollup/-/rollup-4.63.3.tgz'
  dependencies:
   '@types/estree': 1.0.9
  optionalDependencies:
   '@napi-rs/lzma-linux-x64-gnu': 1.5.1
   fsevents: ~2.3.2
   '@rollup/rollup-darwin-arm64': 4.63.3
   '@rollup/rollup-android-arm64': 4.63.3
   '@rollup/rollup-win32-arm64-msvc': 4.63.3
   '@rollup/rollup-freebsd-arm64': 4.63.3
   '@rollup/rollup-linux-arm64-gnu': 4.63.3
   '@rollup/rollup-linux-arm64-musl': 4.63.3
   '@rollup/rollup-android-arm-eabi': 4.63.3
   '@rollup/rollup-linux-arm-gnueabihf': 4.63.3
   '@rollup/rollup-linux-arm-musleabihf': 4.63.3
   '@rollup/rollup-win32-ia32-msvc': 4.63.3
   '@rollup/rollup-linux-loong64-gnu': 4.63.3
   '@rollup/rollup-linux-loong64-musl': 4.63.3
   '@rollup/rollup-linux-riscv64-gnu': 4.63.3
   '@rollup/rollup-linux-riscv64-musl': 4.63.3
   '@rollup/rollup-linux-ppc64-gnu': 4.63.3
   '@rollup/rollup-linux-ppc64-musl': 4.63.3
   '@rollup/rollup-linux-s390x-gnu': 4.63.3
   '@rollup/rollup-darwin-x64': 4.63.3
   '@rollup/rollup-win32-x64-gnu': 4.63.3
   '@rollup/rollup-win32-x64-msvc': 4.63.3
   '@rollup/rollup-freebsd-x64': 4.63.3
   '@rollup/rollup-linux-x64-gnu': 4.63.3
   '@rollup/rollup-linux-x64-musl': 4.63.3
   '@rollup/rollup-openbsd-x64': 4.63.3
   '@rollup/rollup-openharmony-arm64': 4.63.3
supports-preserve-symlinks-flag:
 _latest: 1.0.0
 _:
  ^1.0.0: 1.0.0
 1.0.0:
  $: sha512-ot0WnXS9fgdkgIcePe6RHNk1WA8+muPa6cSjeR3V8K27q9BB1rTE3R1p7Hv0z1ZyAc8s6Vvv8DIyWf681MAt0w==
  _: 'https://registry.npmjs.org/supports-preserve-symlinks-flag/-/supports-preserve-symlinks-flag-1.0.0.tgz'
